
Microsoft Visual Studio Solution File, Format Version 12.00
# Visual Studio Version 17
VisualStudioVersion = 17.5.33530.505
MinimumVisualStudioVersion = 10.0.40219.1
Project("{FAE04EC0-301F-11D3-BF4B-00C04F79EFBC}") = "Zadanie№2", "Zadanie№2\Zadanie№2.csproj", "{51B1B1B6-C8ED-403E-9418-FEA41A7FF06E}"
EndProject
Global
	GlobalSection(SolutionConfigurationPlatforms) = preSolution
		Debug|Any CPU = Debug|Any CPU
		Release|Any CPU = Release|Any CPU
	EndGlobalSection
	GlobalSection(ProjectConfigurationPlatforms) = postSolution
		{51B1B1B6-C8ED-403E-9418-FEA41A7FF06E}.Debug|Any CPU.ActiveCfg = Debug|Any CPU
		{51B1B1B6-C8ED-403E-9418-FEA41A7FF06E}.Debug|Any CPU.Build.0 = Debug|Any CPU
		{51B1B1B6-C8ED-403E-9418-FEA41A7FF06E}.Release|Any CPU.ActiveCfg = Release|Any CPU
		{51B1B1B6-C8ED-403E-9418-FEA41A7FF06E}.Release|Any CPU.Build.0 = Release|Any CPU
	EndGlobalSection
	GlobalSection(SolutionProperties) = preSolution
		HideSolutionNode = FALSE
	EndGlobalSection
	GlobalSection(ExtensibilityGlobals) = postSolution
		SolutionGuid = {B5C9BBD3-3D04-4D3F-AD01-502730EE7998}
	EndGlobalSection
EndGlobal
