
Microsoft Visual Studio Solution File, Format Version 12.00
# Visual Studio Version 17
VisualStudioVersion = 17.5.33424.131
MinimumVisualStudioVersion = 10.0.40219.1
Project("{FAE04EC0-301F-11D3-BF4B-00C04F79EFBC}") = "Zadanie№2", "Zadanie№2\Zadanie№2.csproj", "{0C53D292-37F7-40DF-8024-0C8465361FAA}"
EndProject
Global
	GlobalSection(SolutionConfigurationPlatforms) = preSolution
		Debug|Any CPU = Debug|Any CPU
		Release|Any CPU = Release|Any CPU
	EndGlobalSection
	GlobalSection(ProjectConfigurationPlatforms) = postSolution
		{0C53D292-37F7-40DF-8024-0C8465361FAA}.Debug|Any CPU.ActiveCfg = Debug|Any CPU
		{0C53D292-37F7-40DF-8024-0C8465361FAA}.Debug|Any CPU.Build.0 = Debug|Any CPU
		{0C53D292-37F7-40DF-8024-0C8465361FAA}.Release|Any CPU.ActiveCfg = Release|Any CPU
		{0C53D292-37F7-40DF-8024-0C8465361FAA}.Release|Any CPU.Build.0 = Release|Any CPU
	EndGlobalSection
	GlobalSection(SolutionProperties) = preSolution
		HideSolutionNode = FALSE
	EndGlobalSection
	GlobalSection(ExtensibilityGlobals) = postSolution
		SolutionGuid = {06A7DE01-2FAC-49BA-8DD8-58E7BB9D144C}
	EndGlobalSection
EndGlobal
