
Microsoft Visual Studio Solution File, Format Version 12.00
# Visual Studio Version 17
VisualStudioVersion = 17.5.33530.505
MinimumVisualStudioVersion = 10.0.40219.1
Project("{FAE04EC0-301F-11D3-BF4B-00C04F79EFBC}") = "Zadanie№2", "Zadanie№2\Zadanie№2.csproj", "{1CA3DA21-657E-458D-BF00-583D3FA22824}"
EndProject
Global
	GlobalSection(SolutionConfigurationPlatforms) = preSolution
		Debug|Any CPU = Debug|Any CPU
		Release|Any CPU = Release|Any CPU
	EndGlobalSection
	GlobalSection(ProjectConfigurationPlatforms) = postSolution
		{1CA3DA21-657E-458D-BF00-583D3FA22824}.Debug|Any CPU.ActiveCfg = Debug|Any CPU
		{1CA3DA21-657E-458D-BF00-583D3FA22824}.Debug|Any CPU.Build.0 = Debug|Any CPU
		{1CA3DA21-657E-458D-BF00-583D3FA22824}.Release|Any CPU.ActiveCfg = Release|Any CPU
		{1CA3DA21-657E-458D-BF00-583D3FA22824}.Release|Any CPU.Build.0 = Release|Any CPU
	EndGlobalSection
	GlobalSection(SolutionProperties) = preSolution
		HideSolutionNode = FALSE
	EndGlobalSection
	GlobalSection(ExtensibilityGlobals) = postSolution
		SolutionGuid = {D2BC3BE7-7922-4337-9619-9C68C2B451FD}
	EndGlobalSection
EndGlobal
