
Microsoft Visual Studio Solution File, Format Version 12.00
# Visual Studio Version 17
VisualStudioVersion = 17.5.33627.172
MinimumVisualStudioVersion = 10.0.40219.1
Project("{FAE04EC0-301F-11D3-BF4B-00C04F79EFBC}") = "Zadanie№2", "Zadanie№2\Zadanie№2.csproj", "{BC1869B5-5E75-4D2A-85DD-0038B3087670}"
EndProject
Global
	GlobalSection(SolutionConfigurationPlatforms) = preSolution
		Debug|Any CPU = Debug|Any CPU
		Release|Any CPU = Release|Any CPU
	EndGlobalSection
	GlobalSection(ProjectConfigurationPlatforms) = postSolution
		{BC1869B5-5E75-4D2A-85DD-0038B3087670}.Debug|Any CPU.ActiveCfg = Debug|Any CPU
		{BC1869B5-5E75-4D2A-85DD-0038B3087670}.Debug|Any CPU.Build.0 = Debug|Any CPU
		{BC1869B5-5E75-4D2A-85DD-0038B3087670}.Release|Any CPU.ActiveCfg = Release|Any CPU
		{BC1869B5-5E75-4D2A-85DD-0038B3087670}.Release|Any CPU.Build.0 = Release|Any CPU
	EndGlobalSection
	GlobalSection(SolutionProperties) = preSolution
		HideSolutionNode = FALSE
	EndGlobalSection
	GlobalSection(ExtensibilityGlobals) = postSolution
		SolutionGuid = {FBFBBF5E-57DC-4037-B66D-919BE1EC0C41}
	EndGlobalSection
EndGlobal
