
Microsoft Visual Studio Solution File, Format Version 12.00
# Visual Studio Version 17
VisualStudioVersion = 17.5.33530.505
MinimumVisualStudioVersion = 10.0.40219.1
Project("{FAE04EC0-301F-11D3-BF4B-00C04F79EFBC}") = "Zadanie№3", "Zadanie№3\Zadanie№3.csproj", "{CDB52FD9-F857-42D0-8E06-80DC53A0E37D}"
EndProject
Global
	GlobalSection(SolutionConfigurationPlatforms) = preSolution
		Debug|Any CPU = Debug|Any CPU
		Release|Any CPU = Release|Any CPU
	EndGlobalSection
	GlobalSection(ProjectConfigurationPlatforms) = postSolution
		{CDB52FD9-F857-42D0-8E06-80DC53A0E37D}.Debug|Any CPU.ActiveCfg = Debug|Any CPU
		{CDB52FD9-F857-42D0-8E06-80DC53A0E37D}.Debug|Any CPU.Build.0 = Debug|Any CPU
		{CDB52FD9-F857-42D0-8E06-80DC53A0E37D}.Release|Any CPU.ActiveCfg = Release|Any CPU
		{CDB52FD9-F857-42D0-8E06-80DC53A0E37D}.Release|Any CPU.Build.0 = Release|Any CPU
	EndGlobalSection
	GlobalSection(SolutionProperties) = preSolution
		HideSolutionNode = FALSE
	EndGlobalSection
	GlobalSection(ExtensibilityGlobals) = postSolution
		SolutionGuid = {6F21366C-C4A3-4F54-862E-C25DFF2F976F}
	EndGlobalSection
EndGlobal
