
Microsoft Visual Studio Solution File, Format Version 12.00
# Visual Studio Version 17
VisualStudioVersion = 17.5.33530.505
MinimumVisualStudioVersion = 10.0.40219.1
Project("{FAE04EC0-301F-11D3-BF4B-00C04F79EFBC}") = "Zadanie№1", "Zadanie№1\Zadanie№1.csproj", "{28C8474F-BAD3-43C8-A4EB-6021AF04C1F7}"
EndProject
Global
	GlobalSection(SolutionConfigurationPlatforms) = preSolution
		Debug|Any CPU = Debug|Any CPU
		Release|Any CPU = Release|Any CPU
	EndGlobalSection
	GlobalSection(ProjectConfigurationPlatforms) = postSolution
		{28C8474F-BAD3-43C8-A4EB-6021AF04C1F7}.Debug|Any CPU.ActiveCfg = Debug|Any CPU
		{28C8474F-BAD3-43C8-A4EB-6021AF04C1F7}.Debug|Any CPU.Build.0 = Debug|Any CPU
		{28C8474F-BAD3-43C8-A4EB-6021AF04C1F7}.Release|Any CPU.ActiveCfg = Release|Any CPU
		{28C8474F-BAD3-43C8-A4EB-6021AF04C1F7}.Release|Any CPU.Build.0 = Release|Any CPU
	EndGlobalSection
	GlobalSection(SolutionProperties) = preSolution
		HideSolutionNode = FALSE
	EndGlobalSection
	GlobalSection(ExtensibilityGlobals) = postSolution
		SolutionGuid = {CDC788F3-2CB8-4483-AB8B-E09AC45CB07C}
	EndGlobalSection
EndGlobal
