
Microsoft Visual Studio Solution File, Format Version 12.00
# Visual Studio Version 17
VisualStudioVersion = 17.5.33530.505
MinimumVisualStudioVersion = 10.0.40219.1
Project("{FAE04EC0-301F-11D3-BF4B-00C04F79EFBC}") = "Zadanie№3", "Zadanie№3\Zadanie№3.csproj", "{F165368A-EEDA-4CBB-9C2C-CB476CD1E7EB}"
EndProject
Global
	GlobalSection(SolutionConfigurationPlatforms) = preSolution
		Debug|Any CPU = Debug|Any CPU
		Release|Any CPU = Release|Any CPU
	EndGlobalSection
	GlobalSection(ProjectConfigurationPlatforms) = postSolution
		{F165368A-EEDA-4CBB-9C2C-CB476CD1E7EB}.Debug|Any CPU.ActiveCfg = Debug|Any CPU
		{F165368A-EEDA-4CBB-9C2C-CB476CD1E7EB}.Debug|Any CPU.Build.0 = Debug|Any CPU
		{F165368A-EEDA-4CBB-9C2C-CB476CD1E7EB}.Release|Any CPU.ActiveCfg = Release|Any CPU
		{F165368A-EEDA-4CBB-9C2C-CB476CD1E7EB}.Release|Any CPU.Build.0 = Release|Any CPU
	EndGlobalSection
	GlobalSection(SolutionProperties) = preSolution
		HideSolutionNode = FALSE
	EndGlobalSection
	GlobalSection(ExtensibilityGlobals) = postSolution
		SolutionGuid = {CA7C18E3-FE63-4C61-BAA8-F90EE2307EC7}
	EndGlobalSection
EndGlobal
