
Microsoft Visual Studio Solution File, Format Version 12.00
# Visual Studio Version 17
VisualStudioVersion = 17.5.33627.172
MinimumVisualStudioVersion = 10.0.40219.1
Project("{FAE04EC0-301F-11D3-BF4B-00C04F79EFBC}") = "HelloWorldWPF", "HelloWorldWPF\HelloWorldWPF.csproj", "{8B0D5C45-B9F2-4C48-9AAF-F8DB088D3B5F}"
EndProject
Global
	GlobalSection(SolutionConfigurationPlatforms) = preSolution
		Debug|Any CPU = Debug|Any CPU
		Release|Any CPU = Release|Any CPU
	EndGlobalSection
	GlobalSection(ProjectConfigurationPlatforms) = postSolution
		{8B0D5C45-B9F2-4C48-9AAF-F8DB088D3B5F}.Debug|Any CPU.ActiveCfg = Debug|Any CPU
		{8B0D5C45-B9F2-4C48-9AAF-F8DB088D3B5F}.Debug|Any CPU.Build.0 = Debug|Any CPU
		{8B0D5C45-B9F2-4C48-9AAF-F8DB088D3B5F}.Release|Any CPU.ActiveCfg = Release|Any CPU
		{8B0D5C45-B9F2-4C48-9AAF-F8DB088D3B5F}.Release|Any CPU.Build.0 = Release|Any CPU
	EndGlobalSection
	GlobalSection(SolutionProperties) = preSolution
		HideSolutionNode = FALSE
	EndGlobalSection
	GlobalSection(ExtensibilityGlobals) = postSolution
		SolutionGuid = {A8986D36-D3D1-4DCB-81BC-86344639492D}
	EndGlobalSection
EndGlobal
