
Microsoft Visual Studio Solution File, Format Version 12.00
# Visual Studio Version 17
VisualStudioVersion = 17.5.33530.505
MinimumVisualStudioVersion = 10.0.40219.1
Project("{FAE04EC0-301F-11D3-BF4B-00C04F79EFBC}") = "Zadanie№2", "Zadanie№2\Zadanie№2.csproj", "{CFEB8884-0B4A-442A-8AEC-BB74859B4E08}"
EndProject
Global
	GlobalSection(SolutionConfigurationPlatforms) = preSolution
		Debug|Any CPU = Debug|Any CPU
		Release|Any CPU = Release|Any CPU
	EndGlobalSection
	GlobalSection(ProjectConfigurationPlatforms) = postSolution
		{CFEB8884-0B4A-442A-8AEC-BB74859B4E08}.Debug|Any CPU.ActiveCfg = Debug|Any CPU
		{CFEB8884-0B4A-442A-8AEC-BB74859B4E08}.Debug|Any CPU.Build.0 = Debug|Any CPU
		{CFEB8884-0B4A-442A-8AEC-BB74859B4E08}.Release|Any CPU.ActiveCfg = Release|Any CPU
		{CFEB8884-0B4A-442A-8AEC-BB74859B4E08}.Release|Any CPU.Build.0 = Release|Any CPU
	EndGlobalSection
	GlobalSection(SolutionProperties) = preSolution
		HideSolutionNode = FALSE
	EndGlobalSection
	GlobalSection(ExtensibilityGlobals) = postSolution
		SolutionGuid = {9C4DCB1F-C3C3-4E7A-8485-5CD68EB08D7F}
	EndGlobalSection
EndGlobal
